// !$*UTF8*$!
{
	archiveVersion = 1;
	classes = {
	};
	objectVersion = 46;
	objects = {

/* Begin PBXBuildFile section */
		FF1685831EB5EDCE00BA9A44 /* AppDelegate.swift in Sources */ = {isa = PBXBuildFile; fileRef = FF1685821EB5EDCE00BA9A44 /* AppDelegate.swift */; };
		FF1685851EB5EDCE00BA9A44 /* ViewController.swift in Sources */ = {isa = PBXBuildFile; fileRef = FF1685841EB5EDCE00BA9A44 /* ViewController.swift */; };
		FF1685881EB5EDCF00BA9A44 /* Main.storyboard in Resources */ = {isa = PBXBuildFile; fileRef = FF1685861EB5EDCF00BA9A44 /* Main.storyboard */; };
		FF16858A1EB5EDCF00BA9A44 /* Assets.xcassets in Resources */ = {isa = PBXBuildFile; fileRef = FF1685891EB5EDCF00BA9A44 /* Assets.xcassets */; };
		FF16858D1EB5EDCF00BA9A44 /* LaunchScreen.storyboard in Resources */ = {isa = PBXBuildFile; fileRef = FF16858B1EB5EDCF00BA9A44 /* LaunchScreen.storyboard */; };
		FF1685961EB5F3CB00BA9A44 /* StoryCollectionViewCell.swift in Sources */ = {isa = PBXBuildFile; fileRef = FF1685941EB5F3CB00BA9A44 /* StoryCollectionViewCell.swift */; };
		FF1685971EB5F3CB00BA9A44 /* StoryCollectionViewCell.xib in Resources */ = {isa = PBXBuildFile; fileRef = FF1685951EB5F3CB00BA9A44 /* StoryCollectionViewCell.xib */; };
		FF1685991EB5F92600BA9A44 /* InstagramStoryCollectionViewFlowLayout.swift in Sources */ = {isa = PBXBuildFile; fileRef = FF1685981EB5F92600BA9A44 /* InstagramStoryCollectionViewFlowLayout.swift */; };
		FF16859B1EB5FE0C00BA9A44 /* InstagramStoryLayoutAttributes.swift in Sources */ = {isa = PBXBuildFile; fileRef = FF16859A1EB5FE0C00BA9A44 /* InstagramStoryLayoutAttributes.swift */; };
		FF16859D1EB60CA700BA9A44 /* Animator.swift in Sources */ = {isa = PBXBuildFile; fileRef = FF16859C1EB60CA700BA9A44 /* Animator.swift */; };
		FF16859F1EB6141500BA9A44 /* UIView+AnchorPoint.swift in Sources */ = {isa = PBXBuildFile; fileRef = FF16859E1EB6141500BA9A44 /* UIView+AnchorPoint.swift */; };
		FF1685A21EB61A7A00BA9A44 /* StoryViewController.swift in Sources */ = {isa = PBXBuildFile; fileRef = FF1685A01EB61A7A00BA9A44 /* StoryViewController.swift */; };
		FF1685A31EB61A7A00BA9A44 /* StoryViewController.xib in Resources */ = {isa = PBXBuildFile; fileRef = FF1685A11EB61A7A00BA9A44 /* StoryViewController.xib */; };
/* End PBXBuildFile section */

/* Begin PBXFileReference section */
		FF16857F1EB5EDCE00BA9A44 /* InstagramStory.app */ = {isa = PBXFileReference; explicitFileType = wrapper.application; includeInIndex = 0; path = InstagramStory.app; sourceTree = BUILT_PRODUCTS_DIR; };
		FF1685821EB5EDCE00BA9A44 /* AppDelegate.swift */ = {isa = PBXFileReference; lastKnownFileType = sourcecode.swift; path = AppDelegate.swift; sourceTree = "<group>"; };
		FF1685841EB5EDCE00BA9A44 /* ViewController.swift */ = {isa = PBXFileReference; lastKnownFileType = sourcecode.swift; path = ViewController.swift; sourceTree = "<group>"; };
		FF1685871EB5EDCF00BA9A44 /* Base */ = {isa = PBXFileReference; lastKnownFileType = file.storyboard; name = Base; path = Base.lproj/Main.storyboard; sourceTree = "<group>"; };
		FF1685891EB5EDCF00BA9A44 /* Assets.xcassets */ = {isa = PBXFileReference; lastKnownFileType = folder.assetcatalog; path = Assets.xcassets; sourceTree = "<group>"; };
		FF16858C1EB5EDCF00BA9A44 /* Base */ = {isa = PBXFileReference; lastKnownFileType = file.storyboard; name = Base; path = Base.lproj/LaunchScreen.storyboard; sourceTree = "<group>"; };
		FF16858E1EB5EDCF00BA9A44 /* Info.plist */ = {isa = PBXFileReference; lastKnownFileType = text.plist.xml; path = Info.plist; sourceTree = "<group>"; };
		FF1685941EB5F3CB00BA9A44 /* StoryCollectionViewCell.swift */ = {isa = PBXFileReference; fileEncoding = 4; lastKnownFileType = sourcecode.swift; path = StoryCollectionViewCell.swift; sourceTree = "<group>"; };
		FF1685951EB5F3CB00BA9A44 /* StoryCollectionViewCell.xib */ = {isa = PBXFileReference; fileEncoding = 4; lastKnownFileType = file.xib; path = StoryCollectionViewCell.xib; sourceTree = "<group>"; };
		FF1685981EB5F92600BA9A44 /* InstagramStoryCollectionViewFlowLayout.swift */ = {isa = PBXFileReference; fileEncoding = 4; lastKnownFileType = sourcecode.swift; path = InstagramStoryCollectionViewFlowLayout.swift; sourceTree = "<group>"; };
		FF16859A1EB5FE0C00BA9A44 /* InstagramStoryLayoutAttributes.swift */ = {isa = PBXFileReference; fileEncoding = 4; lastKnownFileType = sourcecode.swift; path = InstagramStoryLayoutAttributes.swift; sourceTree = "<group>"; };
		FF16859C1EB60CA700BA9A44 /* Animator.swift */ = {isa = PBXFileReference; fileEncoding = 4; lastKnownFileType = sourcecode.swift; path = Animator.swift; sourceTree = "<group>"; };
		FF16859E1EB6141500BA9A44 /* UIView+AnchorPoint.swift */ = {isa = PBXFileReference; fileEncoding = 4; lastKnownFileType = sourcecode.swift; path = "UIView+AnchorPoint.swift"; sourceTree = "<group>"; };
		FF1685A01EB61A7A00BA9A44 /* StoryViewController.swift */ = {isa = PBXFileReference; fileEncoding = 4; lastKnownFileType = sourcecode.swift; name = StoryViewController.swift; path = ../StoryViewController.swift; sourceTree = "<group>"; };
		FF1685A11EB61A7A00BA9A44 /* StoryViewController.xib */ = {isa = PBXFileReference; fileEncoding = 4; lastKnownFileType = file.xib; name = StoryViewController.xib; path = ../StoryViewController.xib; sourceTree = "<group>"; };
/* End PBXFileReference section */

/* Begin PBXFrameworksBuildPhase section */
		FF16857C1EB5EDCE00BA9A44 /* Frameworks */ = {
			isa = PBXFrameworksBuildPhase;
			buildActionMask = 2147483647;
			files = (
			);
			runOnlyForDeploymentPostprocessing = 0;
		};
/* End PBXFrameworksBuildPhase section */

/* Begin PBXGroup section */
		FF1685761EB5EDCE00BA9A44 = {
			isa = PBXGroup;
			children = (
				FF1685811EB5EDCE00BA9A44 /* InstagramStory */,
				FF1685801EB5EDCE00BA9A44 /* Products */,
			);
			sourceTree = "<group>";
		};
		FF1685801EB5EDCE00BA9A44 /* Products */ = {
			isa = PBXGroup;
			children = (
				FF16857F1EB5EDCE00BA9A44 /* InstagramStory.app */,
			);
			name = Products;
			sourceTree = "<group>";
		};
		FF1685811EB5EDCE00BA9A44 /* InstagramStory */ = {
			isa = PBXGroup;
			children = (
				FF1685821EB5EDCE00BA9A44 /* AppDelegate.swift */,
				FF1685841EB5EDCE00BA9A44 /* ViewController.swift */,
				FF1685A01EB61A7A00BA9A44 /* StoryViewController.swift */,
				FF1685A11EB61A7A00BA9A44 /* StoryViewController.xib */,
				FF16859A1EB5FE0C00BA9A44 /* InstagramStoryLayoutAttributes.swift */,
				FF1685981EB5F92600BA9A44 /* InstagramStoryCollectionViewFlowLayout.swift */,
				FF16859C1EB60CA700BA9A44 /* Animator.swift */,
				FF1685861EB5EDCF00BA9A44 /* Main.storyboard */,
				FF1685941EB5F3CB00BA9A44 /* StoryCollectionViewCell.swift */,
				FF1685951EB5F3CB00BA9A44 /* StoryCollectionViewCell.xib */,
				FF16859E1EB6141500BA9A44 /* UIView+AnchorPoint.swift */,
				FF1685891EB5EDCF00BA9A44 /* Assets.xcassets */,
				FF16858B1EB5EDCF00BA9A44 /* LaunchScreen.storyboard */,
				FF16858E1EB5EDCF00BA9A44 /* Info.plist */,
			);
			path = InstagramStory;
			sourceTree = "<group>";
		};
/* End PBXGroup section */

/* Begin PBXNativeTarget section */
		FF16857E1EB5EDCE00BA9A44 /* InstagramStory */ = {
			isa = PBXNativeTarget;
			buildConfigurationList = FF1685911EB5EDCF00BA9A44 /* Build configuration list for PBXNativeTarget "InstagramStory" */;
			buildPhases = (
				FF16857B1EB5EDCE00BA9A44 /* Sources */,
				FF16857C1EB5EDCE00BA9A44 /* Frameworks */,
				FF16857D1EB5EDCE00BA9A44 /* Resources */,
			);
			buildRules = (
			);
			dependencies = (
			);
			name = InstagramStory;
			productName = InstagramStory;
			productReference = FF16857F1EB5EDCE00BA9A44 /* InstagramStory.app */;
			productType = "com.apple.product-type.application";
		};
/* End PBXNativeTarget section */

/* Begin PBXProject section */
		FF1685771EB5EDCE00BA9A44 /* Project object */ = {
			isa = PBXProject;
			attributes = {
				LastSwiftUpdateCheck = 0830;
				LastUpgradeCheck = 0830;
				ORGANIZATIONNAME = "Ivan Sapozhnik";
				TargetAttributes = {
					FF16857E1EB5EDCE00BA9A44 = {
						CreatedOnToolsVersion = 8.3;
						ProvisioningStyle = Automatic;
					};
				};
			};
			buildConfigurationList = FF16857A1EB5EDCE00BA9A44 /* Build configuration list for PBXProject "InstagramStory" */;
			compatibilityVersion = "Xcode 3.2";
			developmentRegion = English;
			hasScannedForEncodings = 0;
			knownRegions = (
				en,
				Base,
			);
			mainGroup = FF1685761EB5EDCE00BA9A44;
			productRefGroup = FF1685801EB5EDCE00BA9A44 /* Products */;
			projectDirPath = "";
			projectRoot = "";
			targets = (
				FF16857E1EB5EDCE00BA9A44 /* InstagramStory */,
			);
		};
/* End PBXProject section */

/* Begin PBXResourcesBuildPhase section */
		FF16857D1EB5EDCE00BA9A44 /* Resources */ = {
			isa = PBXResourcesBuildPhase;
			buildActionMask = 2147483647;
			files = (
				FF1685971EB5F3CB00BA9A44 /* StoryCollectionViewCell.xib in Resources */,
				FF1685A31EB61A7A00BA9A44 /* StoryViewController.xib in Resources */,
				FF16858D1EB5EDCF00BA9A44 /* LaunchScreen.storyboard in Resources */,
				FF16858A1EB5EDCF00BA9A44 /* Assets.xcassets in Resources */,
				FF1685881EB5EDCF00BA9A44 /* Main.storyboard in Resources */,
			);
			runOnlyForDeploymentPostprocessing = 0;
		};
/* End PBXResourcesBuildPhase section */

/* Begin PBXSourcesBuildPhase section */
		FF16857B1EB5EDCE00BA9A44 /* Sources */ = {
			isa = PBXSourcesBuildPhase;
			buildActionMask = 2147483647;
			files = (
				FF16859F1EB6141500BA9A44 /* UIView+AnchorPoint.swift in Sources */,
				FF16859D1EB60CA700BA9A44 /* Animator.swift in Sources */,
				FF1685851EB5EDCE00BA9A44 /* ViewController.swift in Sources */,
				FF1685961EB5F3CB00BA9A44 /* StoryCollectionViewCell.swift in Sources */,
				FF1685A21EB61A7A00BA9A44 /* StoryViewController.swift in Sources */,
				FF1685831EB5EDCE00BA9A44 /* AppDelegate.swift in Sources */,
				FF16859B1EB5FE0C00BA9A44 /* InstagramStoryLayoutAttributes.swift in Sources */,
				FF1685991EB5F92600BA9A44 /* InstagramStoryCollectionViewFlowLayout.swift in Sources */,
			);
			runOnlyForDeploymentPostprocessing = 0;
		};
/* End PBXSourcesBuildPhase section */

/* Begin PBXVariantGroup section */
		FF1685861EB5EDCF00BA9A44 /* Main.storyboard */ = {
			isa = PBXVariantGroup;
			children = (
				FF1685871EB5EDCF00BA9A44 /* Base */,
			);
			name = Main.storyboard;
			sourceTree = "<group>";
		};
		FF16858B1EB5EDCF00BA9A44 /* LaunchScreen.storyboard */ = {
			isa = PBXVariantGroup;
			children = (
				FF16858C1EB5EDCF00BA9A44 /* Base */,
			);
			name = LaunchScreen.storyboard;
			sourceTree = "<group>";
		};
/* End PBXVariantGroup section */

/* Begin XCBuildConfiguration section */
		FF16858F1EB5EDCF00BA9A44 /* Debug */ = {
			isa = XCBuildConfiguration;
			buildSettings = {
				ALWAYS_SEARCH_USER_PATHS = NO;
				CLANG_ANALYZER_NONNULL = YES;
				CLANG_ANALYZER_NUMBER_OBJECT_CONVERSION = YES_AGGRESSIVE;
				CLANG_CXX_LANGUAGE_STANDARD = "gnu++0x";
				CLANG_CXX_LIBRARY = "libc++";
				CLANG_ENABLE_MODULES = YES;
				CLANG_ENABLE_OBJC_ARC = YES;
				CLANG_WARN_BOOL_CONVERSION = YES;
				CLANG_WARN_CONSTANT_CONVERSION = YES;
				CLANG_WARN_DIRECT_OBJC_ISA_USAGE = YES_ERROR;
				CLANG_WARN_DOCUMENTATION_COMMENTS = YES;
				CLANG_WARN_EMPTY_BODY = YES;
				CLANG_WARN_ENUM_CONVERSION = YES;
				CLANG_WARN_INFINITE_RECURSION = YES;
				CLANG_WARN_INT_CONVERSION = YES;
				CLANG_WARN_OBJC_ROOT_CLASS = YES_ERROR;
				CLANG_WARN_SUSPICIOUS_MOVE = YES;
				CLANG_WARN_UNREACHABLE_CODE = YES;
				CLANG_WARN__DUPLICATE_METHOD_MATCH = YES;
				"CODE_SIGN_IDENTITY[sdk=iphoneos*]" = "iPhone Developer";
				COPY_PHASE_STRIP = NO;
				DEBUG_INFORMATION_FORMAT = dwarf;
				ENABLE_STRICT_OBJC_MSGSEND = YES;
				ENABLE_TESTABILITY = YES;
				GCC_C_LANGUAGE_STANDARD = gnu99;
				GCC_DYNAMIC_NO_PIC = NO;
				GCC_NO_COMMON_BLOCKS = YES;
				GCC_OPTIMIZATION_LEVEL = 0;
				GCC_PREPROCESSOR_DEFINITIONS = (
					"DEBUG=1",
					"$(inherited)",
				);
				GCC_WARN_64_TO_32_BIT_CONVERSION = YES;
				GCC_WARN_ABOUT_RETURN_TYPE = YES_ERROR;
				GCC_WARN_UNDECLARED_SELECTOR = YES;
				GCC_WARN_UNINITIALIZED_AUTOS = YES_AGGRESSIVE;
				GCC_WARN_UNUSED_FUNCTION = YES;
				GCC_WARN_UNUSED_VARIABLE = YES;
				IPHONEOS_DEPLOYMENT_TARGET = 10.3;
				MTL_ENABLE_DEBUG_INFO = YES;
				ONLY_ACTIVE_ARCH = YES;
				SDKROOT = iphoneos;
				SWIFT_ACTIVE_COMPILATION_CONDITIONS = DEBUG;
				SWIFT_OPTIMIZATION_LEVEL = "-Onone";
				TARGETED_DEVICE_FAMILY = "1,2";
			};
			name = Debug;
		};
		FF1685901EB5EDCF00BA9A44 /* Release */ = {
			isa = XCBuildConfiguration;
			buildSettings = {
				ALWAYS_SEARCH_USER_PATHS = NO;
				CLANG_ANALYZER_NONNULL = YES;
				CLANG_ANALYZER_NUMBER_OBJECT_CONVERSION = YES_AGGRESSIVE;
				CLANG_CXX_LANGUAGE_STANDARD = "gnu++0x";
				CLANG_CXX_LIBRARY = "libc++";
				CLANG_ENABLE_MODULES = YES;
				CLANG_ENABLE_OBJC_ARC = YES;
				CLANG_WARN_BOOL_CONVERSION = YES;
				CLANG_WARN_CONSTANT_CONVERSION = YES;
				CLANG_WARN_DIRECT_OBJC_ISA_USAGE = YES_ERROR;
				CLANG_WARN_DOCUMENTATION_COMMENTS = YES;
				CLANG_WARN_EMPTY_BODY = YES;
				CLANG_WARN_ENUM_CONVERSION = YES;
				CLANG_WARN_INFINITE_RECURSION = YES;
				CLANG_WARN_INT_CONVERSION = YES;
				CLANG_WARN_OBJC_ROOT_CLASS = YES_ERROR;
				CLANG_WARN_SUSPICIOUS_MOVE = YES;
				CLANG_WARN_UNREACHABLE_CODE = YES;
				CLANG_WARN__DUPLICATE_METHOD_MATCH = YES;
				"CODE_SIGN_IDENTITY[sdk=iphoneos*]" = "iPhone Developer";
				COPY_PHASE_STRIP = NO;
				DEBUG_INFORMATION_FORMAT = "dwarf-with-dsym";
				ENABLE_NS_ASSERTIONS = NO;
				ENABLE_STRICT_OBJC_MSGSEND = YES;
				GCC_C_LANGUAGE_STANDARD = gnu99;
				GCC_NO_COMMON_BLOCKS = YES;
				GCC_WARN_64_TO_32_BIT_CONVERSION = YES;
				GCC_WARN_ABOUT_RETURN_TYPE = YES_ERROR;
				GCC_WARN_UNDECLARED_SELECTOR = YES;
				GCC_WARN_UNINITIALIZED_AUTOS = YES_AGGRESSIVE;
				GCC_WARN_UNUSED_FUNCTION = YES;
				GCC_WARN_UNUSED_VARIABLE = YES;
				IPHONEOS_DEPLOYMENT_TARGET = 10.3;
				MTL_ENABLE_DEBUG_INFO = NO;
				SDKROOT = iphoneos;
				SWIFT_OPTIMIZATION_LEVEL = "-Owholemodule";
				TARGETED_DEVICE_FAMILY = "1,2";
				VALIDATE_PRODUCT = YES;
			};
			name = Release;
		};
		FF1685921EB5EDCF00BA9A44 /* Debug */ = {
			isa = XCBuildConfiguration;
			buildSettings = {
				ASSETCATALOG_COMPILER_APPICON_NAME = AppIcon;
				INFOPLIST_FILE = InstagramStory/Info.plist;
				LD_RUNPATH_SEARCH_PATHS = "$(inherited) @executable_path/Frameworks";
				PRODUCT_BUNDLE_IDENTIFIER = "Ivan-Sapozhnik.InstagramStory";
				PRODUCT_NAME = "$(TARGET_NAME)";
				SWIFT_VERSION = 3.0;
			};
			name = Debug;
		};
		FF1685931EB5EDCF00BA9A44 /* Release */ = {
			isa = XCBuildConfiguration;
			buildSettings = {
				ASSETCATALOG_COMPILER_APPICON_NAME = AppIcon;
				INFOPLIST_FILE = InstagramStory/Info.plist;
				LD_RUNPATH_SEARCH_PATHS = "$(inherited) @executable_path/Frameworks";
				PRODUCT_BUNDLE_IDENTIFIER = "Ivan-Sapozhnik.InstagramStory";
				PRODUCT_NAME = "$(TARGET_NAME)";
				SWIFT_VERSION = 3.0;
			};
			name = Release;
		};
/* End XCBuildConfiguration section */

/* Begin XCConfigurationList section */
		FF16857A1EB5EDCE00BA9A44 /* Build configuration list for PBXProject "InstagramStory" */ = {
			isa = XCConfigurationList;
			buildConfigurations = (
				FF16858F1EB5EDCF00BA9A44 /* Debug */,
				FF1685901EB5EDCF00BA9A44 /* Release */,
			);
			defaultConfigurationIsVisible = 0;
			defaultConfigurationName = Release;
		};
		FF1685911EB5EDCF00BA9A44 /* Build configuration list for PBXNativeTarget "InstagramStory" */ = {
			isa = XCConfigurationList;
			buildConfigurations = (
				FF1685921EB5EDCF00BA9A44 /* Debug */,
				FF1685931EB5EDCF00BA9A44 /* Release */,
			);
			defaultConfigurationIsVisible = 0;
			defaultConfigurationName = Release;
		};
/* End XCConfigurationList section */
	};
	rootObject = FF1685771EB5EDCE00BA9A44 /* Project object */;
}
